
Microsoft Visual Studio Solution File, Format Version 12.00
# Visual Studio Version 17
VisualStudioVersion = 17.4.33110.190
MinimumVisualStudioVersion = 10.0.40219.1
Project("{8BC9CEB8-8B4A-11D0-8D11-00A0C91BC942}") = "CoppeliaSimTest", "CoppeliaSimTest\CoppeliaSimTest.vcxproj", "{78B89864-7191-4660-B6B6-41092FC895DE}"
EndProject
Project("{8BC9CEB8-8B4A-11D0-8D11-00A0C91BC942}") = "CoppeliaSimInterfaceDLL", "CoppeliaSimInterfaceDLL\CoppeliaSimInterfaceDLL.vcxproj", "{4DA74AAD-BA6C-4433-8ED8-B0CE586D9325}"
EndProject
Project("{FAE04EC0-301F-11D3-BF4B-00C04F79EFBC}") = "CsharpTestProj3", "CsharpTestProj3\CsharpTestProj3.csproj", "{08265ED6-6845-4806-83B9-597F0A050274}"
EndProject
Project("{FAE04EC0-301F-11D3-BF4B-00C04F79EFBC}") = "DiagnosticUWPApp", "DiagnosticUWPApp\DiagnosticUWPApp.csproj", "{FDEA0719-57E7-4098-A5FD-34A1A73CF69D}"
EndProject
Global
	GlobalSection(SolutionConfigurationPlatforms) = preSolution
		Debug|Any CPU = Debug|Any CPU
		Debug|ARM = Debug|ARM
		Debug|ARM64 = Debug|ARM64
		Debug|x64 = Debug|x64
		Debug|x86 = Debug|x86
		Release|Any CPU = Release|Any CPU
		Release|ARM = Release|ARM
		Release|ARM64 = Release|ARM64
		Release|x64 = Release|x64
		Release|x86 = Release|x86
	EndGlobalSection
	GlobalSection(ProjectConfigurationPlatforms) = postSolution
		{78B89864-7191-4660-B6B6-41092FC895DE}.Debug|Any CPU.ActiveCfg = Debug|x64
		{78B89864-7191-4660-B6B6-41092FC895DE}.Debug|Any CPU.Build.0 = Debug|x64
		{78B89864-7191-4660-B6B6-41092FC895DE}.Debug|ARM.ActiveCfg = Debug|x64
		{78B89864-7191-4660-B6B6-41092FC895DE}.Debug|ARM.Build.0 = Debug|x64
		{78B89864-7191-4660-B6B6-41092FC895DE}.Debug|ARM64.ActiveCfg = Debug|x64
		{78B89864-7191-4660-B6B6-41092FC895DE}.Debug|ARM64.Build.0 = Debug|x64
		{78B89864-7191-4660-B6B6-41092FC895DE}.Debug|x64.ActiveCfg = Debug|x64
		{78B89864-7191-4660-B6B6-41092FC895DE}.Debug|x64.Build.0 = Debug|x64
		{78B89864-7191-4660-B6B6-41092FC895DE}.Debug|x86.ActiveCfg = Debug|Win32
		{78B89864-7191-4660-B6B6-41092FC895DE}.Debug|x86.Build.0 = Debug|Win32
		{78B89864-7191-4660-B6B6-41092FC895DE}.Release|Any CPU.ActiveCfg = Release|x64
		{78B89864-7191-4660-B6B6-41092FC895DE}.Release|Any CPU.Build.0 = Release|x64
		{78B89864-7191-4660-B6B6-41092FC895DE}.Release|ARM.ActiveCfg = Release|x64
		{78B89864-7191-4660-B6B6-41092FC895DE}.Release|ARM.Build.0 = Release|x64
		{78B89864-7191-4660-B6B6-41092FC895DE}.Release|ARM64.ActiveCfg = Release|x64
		{78B89864-7191-4660-B6B6-41092FC895DE}.Release|ARM64.Build.0 = Release|x64
		{78B89864-7191-4660-B6B6-41092FC895DE}.Release|x64.ActiveCfg = Release|x64
		{78B89864-7191-4660-B6B6-41092FC895DE}.Release|x64.Build.0 = Release|x64
		{78B89864-7191-4660-B6B6-41092FC895DE}.Release|x86.ActiveCfg = Release|Win32
		{78B89864-7191-4660-B6B6-41092FC895DE}.Release|x86.Build.0 = Release|Win32
		{4DA74AAD-BA6C-4433-8ED8-B0CE586D9325}.Debug|Any CPU.ActiveCfg = Debug|x64
		{4DA74AAD-BA6C-4433-8ED8-B0CE586D9325}.Debug|Any CPU.Build.0 = Debug|x64
		{4DA74AAD-BA6C-4433-8ED8-B0CE586D9325}.Debug|ARM.ActiveCfg = Debug|x64
		{4DA74AAD-BA6C-4433-8ED8-B0CE586D9325}.Debug|ARM.Build.0 = Debug|x64
		{4DA74AAD-BA6C-4433-8ED8-B0CE586D9325}.Debug|ARM64.ActiveCfg = Debug|x64
		{4DA74AAD-BA6C-4433-8ED8-B0CE586D9325}.Debug|ARM64.Build.0 = Debug|x64
		{4DA74AAD-BA6C-4433-8ED8-B0CE586D9325}.Debug|x64.ActiveCfg = Debug|x64
		{4DA74AAD-BA6C-4433-8ED8-B0CE586D9325}.Debug|x64.Build.0 = Debug|x64
		{4DA74AAD-BA6C-4433-8ED8-B0CE586D9325}.Debug|x86.ActiveCfg = Debug|Win32
		{4DA74AAD-BA6C-4433-8ED8-B0CE586D9325}.Debug|x86.Build.0 = Debug|Win32
		{4DA74AAD-BA6C-4433-8ED8-B0CE586D9325}.Release|Any CPU.ActiveCfg = Release|x64
		{4DA74AAD-BA6C-4433-8ED8-B0CE586D9325}.Release|Any CPU.Build.0 = Release|x64
		{4DA74AAD-BA6C-4433-8ED8-B0CE586D9325}.Release|ARM.ActiveCfg = Release|x64
		{4DA74AAD-BA6C-4433-8ED8-B0CE586D9325}.Release|ARM.Build.0 = Release|x64
		{4DA74AAD-BA6C-4433-8ED8-B0CE586D9325}.Release|ARM64.ActiveCfg = Release|x64
		{4DA74AAD-BA6C-4433-8ED8-B0CE586D9325}.Release|ARM64.Build.0 = Release|x64
		{4DA74AAD-BA6C-4433-8ED8-B0CE586D9325}.Release|x64.ActiveCfg = Release|x64
		{4DA74AAD-BA6C-4433-8ED8-B0CE586D9325}.Release|x64.Build.0 = Release|x64
		{4DA74AAD-BA6C-4433-8ED8-B0CE586D9325}.Release|x86.ActiveCfg = Release|Win32
		{4DA74AAD-BA6C-4433-8ED8-B0CE586D9325}.Release|x86.Build.0 = Release|Win32
		{08265ED6-6845-4806-83B9-597F0A050274}.Debug|Any CPU.ActiveCfg = Debug|Any CPU
		{08265ED6-6845-4806-83B9-597F0A050274}.Debug|Any CPU.Build.0 = Debug|Any CPU
		{08265ED6-6845-4806-83B9-597F0A050274}.Debug|ARM.ActiveCfg = Debug|Any CPU
		{08265ED6-6845-4806-83B9-597F0A050274}.Debug|ARM.Build.0 = Debug|Any CPU
		{08265ED6-6845-4806-83B9-597F0A050274}.Debug|ARM64.ActiveCfg = Debug|Any CPU
		{08265ED6-6845-4806-83B9-597F0A050274}.Debug|ARM64.Build.0 = Debug|Any CPU
		{08265ED6-6845-4806-83B9-597F0A050274}.Debug|x64.ActiveCfg = Debug|Any CPU
		{08265ED6-6845-4806-83B9-597F0A050274}.Debug|x64.Build.0 = Debug|Any CPU
		{08265ED6-6845-4806-83B9-597F0A050274}.Debug|x86.ActiveCfg = Debug|Any CPU
		{08265ED6-6845-4806-83B9-597F0A050274}.Debug|x86.Build.0 = Debug|Any CPU
		{08265ED6-6845-4806-83B9-597F0A050274}.Release|Any CPU.ActiveCfg = Release|Any CPU
		{08265ED6-6845-4806-83B9-597F0A050274}.Release|Any CPU.Build.0 = Release|Any CPU
		{08265ED6-6845-4806-83B9-597F0A050274}.Release|ARM.ActiveCfg = Release|Any CPU
		{08265ED6-6845-4806-83B9-597F0A050274}.Release|ARM.Build.0 = Release|Any CPU
		{08265ED6-6845-4806-83B9-597F0A050274}.Release|ARM64.ActiveCfg = Release|Any CPU
		{08265ED6-6845-4806-83B9-597F0A050274}.Release|ARM64.Build.0 = Release|Any CPU
		{08265ED6-6845-4806-83B9-597F0A050274}.Release|x64.ActiveCfg = Release|Any CPU
		{08265ED6-6845-4806-83B9-597F0A050274}.Release|x64.Build.0 = Release|Any CPU
		{08265ED6-6845-4806-83B9-597F0A050274}.Release|x86.ActiveCfg = Release|Any CPU
		{08265ED6-6845-4806-83B9-597F0A050274}.Release|x86.Build.0 = Release|Any CPU
		{FDEA0719-57E7-4098-A5FD-34A1A73CF69D}.Debug|Any CPU.ActiveCfg = Debug|x64
		{FDEA0719-57E7-4098-A5FD-34A1A73CF69D}.Debug|Any CPU.Build.0 = Debug|x64
		{FDEA0719-57E7-4098-A5FD-34A1A73CF69D}.Debug|Any CPU.Deploy.0 = Debug|x64
		{FDEA0719-57E7-4098-A5FD-34A1A73CF69D}.Debug|ARM.ActiveCfg = Debug|ARM
		{FDEA0719-57E7-4098-A5FD-34A1A73CF69D}.Debug|ARM.Build.0 = Debug|ARM
		{FDEA0719-57E7-4098-A5FD-34A1A73CF69D}.Debug|ARM.Deploy.0 = Debug|ARM
		{FDEA0719-57E7-4098-A5FD-34A1A73CF69D}.Debug|ARM64.ActiveCfg = Debug|ARM64
		{FDEA0719-57E7-4098-A5FD-34A1A73CF69D}.Debug|ARM64.Build.0 = Debug|ARM64
		{FDEA0719-57E7-4098-A5FD-34A1A73CF69D}.Debug|ARM64.Deploy.0 = Debug|ARM64
		{FDEA0719-57E7-4098-A5FD-34A1A73CF69D}.Debug|x64.ActiveCfg = Debug|x64
		{FDEA0719-57E7-4098-A5FD-34A1A73CF69D}.Debug|x64.Build.0 = Debug|x64
		{FDEA0719-57E7-4098-A5FD-34A1A73CF69D}.Debug|x64.Deploy.0 = Debug|x64
		{FDEA0719-57E7-4098-A5FD-34A1A73CF69D}.Debug|x86.ActiveCfg = Debug|x86
		{FDEA0719-57E7-4098-A5FD-34A1A73CF69D}.Debug|x86.Build.0 = Debug|x86
		{FDEA0719-57E7-4098-A5FD-34A1A73CF69D}.Debug|x86.Deploy.0 = Debug|x86
		{FDEA0719-57E7-4098-A5FD-34A1A73CF69D}.Release|Any CPU.ActiveCfg = Release|x64
		{FDEA0719-57E7-4098-A5FD-34A1A73CF69D}.Release|Any CPU.Build.0 = Release|x64
		{FDEA0719-57E7-4098-A5FD-34A1A73CF69D}.Release|Any CPU.Deploy.0 = Release|x64
		{FDEA0719-57E7-4098-A5FD-34A1A73CF69D}.Release|ARM.ActiveCfg = Release|ARM
		{FDEA0719-57E7-4098-A5FD-34A1A73CF69D}.Release|ARM.Build.0 = Release|ARM
		{FDEA0719-57E7-4098-A5FD-34A1A73CF69D}.Release|ARM.Deploy.0 = Release|ARM
		{FDEA0719-57E7-4098-A5FD-34A1A73CF69D}.Release|ARM64.ActiveCfg = Release|ARM64
		{FDEA0719-57E7-4098-A5FD-34A1A73CF69D}.Release|ARM64.Build.0 = Release|ARM64
		{FDEA0719-57E7-4098-A5FD-34A1A73CF69D}.Release|ARM64.Deploy.0 = Release|ARM64
		{FDEA0719-57E7-4098-A5FD-34A1A73CF69D}.Release|x64.ActiveCfg = Release|x64
		{FDEA0719-57E7-4098-A5FD-34A1A73CF69D}.Release|x64.Build.0 = Release|x64
		{FDEA0719-57E7-4098-A5FD-34A1A73CF69D}.Release|x64.Deploy.0 = Release|x64
		{FDEA0719-57E7-4098-A5FD-34A1A73CF69D}.Release|x86.ActiveCfg = Release|x86
		{FDEA0719-57E7-4098-A5FD-34A1A73CF69D}.Release|x86.Build.0 = Release|x86
		{FDEA0719-57E7-4098-A5FD-34A1A73CF69D}.Release|x86.Deploy.0 = Release|x86
	EndGlobalSection
	GlobalSection(SolutionProperties) = preSolution
		HideSolutionNode = FALSE
	EndGlobalSection
	GlobalSection(ExtensibilityGlobals) = postSolution
		SolutionGuid = {35D6C77F-B505-4F7D-AF08-E0BA497C94CA}
	EndGlobalSection
EndGlobal
